// !$*UTF8*$!
{
	archiveVersion = 1;
	classes = {
	};
	objectVersion = 50;
	objects = {

/* Begin PBXBuildFile section */
		496ED77424C0E196009CAF43 /* AppDelegate.swift in Sources */ = {isa = PBXBuildFile; fileRef = 496ED77324C0E196009CAF43 /* AppDelegate.swift */; };
		496ED77624C0E196009CAF43 /* SceneDelegate.swift in Sources */ = {isa = PBXBuildFile; fileRef = 496ED77524C0E196009CAF43 /* SceneDelegate.swift */; };
		496ED77824C0E196009CAF43 /* ContentView.swift in Sources */ = {isa = PBXBuildFile; fileRef = 496ED77724C0E196009CAF43 /* ContentView.swift */; };
		496ED77A24C0E19C009CAF43 /* Assets.xcassets in Resources */ = {isa = PBXBuildFile; fileRef = 496ED77924C0E19C009CAF43 /* Assets.xcassets */; };
		496ED77D24C0E19C009CAF43 /* Preview Assets.xcassets in Resources */ = {isa = PBXBuildFile; fileRef = 496ED77C24C0E19C009CAF43 /* Preview Assets.xcassets */; };
		496ED78024C0E19C009CAF43 /* LaunchScreen.storyboard in Resources */ = {isa = PBXBuildFile; fileRef = 496ED77E24C0E19C009CAF43 /* LaunchScreen.storyboard */; };
		496ED78B24C0E19C009CAF43 /* WeSplitTests.swift in Sources */ = {isa = PBXBuildFile; fileRef = 496ED78A24C0E19C009CAF43 /* WeSplitTests.swift */; };
		496ED79624C0E19C009CAF43 /* WeSplitUITests.swift in Sources */ = {isa = PBXBuildFile; fileRef = 496ED79524C0E19C009CAF43 /* WeSplitUITests.swift */; };
		496ED7A424C11A23009CAF43 /* README.md in Resources */ = {isa = PBXBuildFile; fileRef = 496ED7A324C11A23009CAF43 /* README.md */; };
/* End PBXBuildFile section */

/* Begin PBXContainerItemProxy section */
		496ED78724C0E19C009CAF43 /* PBXContainerItemProxy */ = {
			isa = PBXContainerItemProxy;
			containerPortal = 496ED76824C0E196009CAF43 /* Project object */;
			proxyType = 1;
			remoteGlobalIDString = 496ED76F24C0E196009CAF43;
			remoteInfo = WeSplit;
		};
		496ED79224C0E19C009CAF43 /* PBXContainerItemProxy */ = {
			isa = PBXContainerItemProxy;
			containerPortal = 496ED76824C0E196009CAF43 /* Project object */;
			proxyType = 1;
			remoteGlobalIDString = 496ED76F24C0E196009CAF43;
			remoteInfo = WeSplit;
		};
/* End PBXContainerItemProxy section */

/* Begin PBXFileReference section */
		496ED77024C0E196009CAF43 /* WeSplit.app */ = {isa = PBXFileReference; explicitFileType = wrapper.application; includeInIndex = 0; path = WeSplit.app; sourceTree = BUILT_PRODUCTS_DIR; };
		496ED77324C0E196009CAF43 /* AppDelegate.swift */ = {isa = PBXFileReference; lastKnownFileType = sourcecode.swift; path = AppDelegate.swift; sourceTree = "<group>"; };
		496ED77524C0E196009CAF43 /* SceneDelegate.swift */ = {isa = PBXFileReference; lastKnownFileType = sourcecode.swift; path = SceneDelegate.swift; sourceTree = "<group>"; };
		496ED77724C0E196009CAF43 /* ContentView.swift */ = {isa = PBXFileReference; lastKnownFileType = sourcecode.swift; path = ContentView.swift; sourceTree = "<group>"; };
		496ED77924C0E19C009CAF43 /* Assets.xcassets */ = {isa = PBXFileReference; lastKnownFileType = folder.assetcatalog; path = Assets.xcassets; sourceTree = "<group>"; };
		496ED77C24C0E19C009CAF43 /* Preview Assets.xcassets */ = {isa = PBXFileReference; lastKnownFileType = folder.assetcatalog; path = "Preview Assets.xcassets"; sourceTree = "<group>"; };
		496ED77F24C0E19C009CAF43 /* Base */ = {isa = PBXFileReference; lastKnownFileType = file.storyboard; name = Base; path = Base.lproj/LaunchScreen.storyboard; sourceTree = "<group>"; };
		496ED78124C0E19C009CAF43 /* Info.plist */ = {isa = PBXFileReference; lastKnownFileType = text.plist.xml; path = Info.plist; sourceTree = "<group>"; };
		496ED78624C0E19C009CAF43 /* WeSplitTests.xctest */ = {isa = PBXFileReference; explicitFileType = wrapper.cfbundle; includeInIndex = 0; path = WeSplitTests.xctest; sourceTree = BUILT_PRODUCTS_DIR; };
		496ED78A24C0E19C009CAF43 /* WeSplitTests.swift */ = {isa = PBXFileReference; lastKnownFileType = sourcecode.swift; path = WeSplitTests.swift; sourceTree = "<group>"; };
		496ED78C24C0E19C009CAF43 /* Info.plist */ = {isa = PBXFileReference; lastKnownFileType = text.plist.xml; path = Info.plist; sourceTree = "<group>"; };
		496ED79124C0E19C009CAF43 /* WeSplitUITests.xctest */ = {isa = PBXFileReference; explicitFileType = wrapper.cfbundle; includeInIndex = 0; path = WeSplitUITests.xctest; sourceTree = BUILT_PRODUCTS_DIR; };
		496ED79524C0E19C009CAF43 /* WeSplitUITests.swift */ = {isa = PBXFileReference; lastKnownFileType = sourcecode.swift; path = WeSplitUITests.swift; sourceTree = "<group>"; };
		496ED79724C0E19C009CAF43 /* Info.plist */ = {isa = PBXFileReference; lastKnownFileType = text.plist.xml; path = Info.plist; sourceTree = "<group>"; };
		496ED7A324C11A23009CAF43 /* README.md */ = {isa = PBXFileReference; lastKnownFileType = net.daringfireball.markdown; path = README.md; sourceTree = "<group>"; };
/* End PBXFileReference section */

/* Begin PBXFrameworksBuildPhase section */
		496ED76D24C0E196009CAF43 /* Frameworks */ = {
			isa = PBXFrameworksBuildPhase;
			buildActionMask = 2147483647;
			files = (
			);
			runOnlyForDeploymentPostprocessing = 0;
		};
		496ED78324C0E19C009CAF43 /* Frameworks */ = {
			isa = PBXFrameworksBuildPhase;
			buildActionMask = 2147483647;
			files = (
			);
			runOnlyForDeploymentPostprocessing = 0;
		};
		496ED78E24C0E19C009CAF43 /* Frameworks */ = {
			isa = PBXFrameworksBuildPhase;
			buildActionMask = 2147483647;
			files = (
			);
			runOnlyForDeploymentPostprocessing = 0;
		};
/* End PBXFrameworksBuildPhase section */

/* Begin PBXGroup section */
		496ED76724C0E196009CAF43 = {
			isa = PBXGroup;
			children = (
				496ED7A324C11A23009CAF43 /* README.md */,
				496ED77224C0E196009CAF43 /* WeSplit */,
				496ED78924C0E19C009CAF43 /* WeSplitTests */,
				496ED79424C0E19C009CAF43 /* WeSplitUITests */,
				496ED77124C0E196009CAF43 /* Products */,
			);
			sourceTree = "<group>";
		};
		496ED77124C0E196009CAF43 /* Products */ = {
			isa = PBXGroup;
			children = (
				496ED77024C0E196009CAF43 /* WeSplit.app */,
				496ED78624C0E19C009CAF43 /* WeSplitTests.xctest */,
				496ED79124C0E19C009CAF43 /* WeSplitUITests.xctest */,
			);
			name = Products;
			sourceTree = "<group>";
		};
		496ED77224C0E196009CAF43 /* WeSplit */ = {
			isa = PBXGroup;
			children = (
				496ED77324C0E196009CAF43 /* AppDelegate.swift */,
				496ED77524C0E196009CAF43 /* SceneDelegate.swift */,
				496ED77724C0E196009CAF43 /* ContentView.swift */,
				496ED77924C0E19C009CAF43 /* Assets.xcassets */,
				496ED77E24C0E19C009CAF43 /* LaunchScreen.storyboard */,
				496ED78124C0E19C009CAF43 /* Info.plist */,
				496ED77B24C0E19C009CAF43 /* Preview Content */,
			);
			path = WeSplit;
			sourceTree = "<group>";
		};
		496ED77B24C0E19C009CAF43 /* Preview Content */ = {
			isa = PBXGroup;
			children = (
				496ED77C24C0E19C009CAF43 /* Preview Assets.xcassets */,
			);
			path = "Preview Content";
			sourceTree = "<group>";
		};
		496ED78924C0E19C009CAF43 /* WeSplitTests */ = {
			isa = PBXGroup;
			children = (
				496ED78A24C0E19C009CAF43 /* WeSplitTests.swift */,
				496ED78C24C0E19C009CAF43 /* Info.plist */,
			);
			path = WeSplitTests;
			sourceTree = "<group>";
		};
		496ED79424C0E19C009CAF43 /* WeSplitUITests */ = {
			isa = PBXGroup;
			children = (
				496ED79524C0E19C009CAF43 /* WeSplitUITests.swift */,
				496ED79724C0E19C009CAF43 /* Info.plist */,
			);
			path = WeSplitUITests;
			sourceTree = "<group>";
		};
/* End PBXGroup section */

/* Begin PBXNativeTarget section */
		496ED76F24C0E196009CAF43 /* WeSplit */ = {
			isa = PBXNativeTarget;
			buildConfigurationList = 496ED79A24C0E19C009CAF43 /* Build configuration list for PBXNativeTarget "WeSplit" */;
			buildPhases = (
				496ED76C24C0E196009CAF43 /* Sources */,
				496ED76D24C0E196009CAF43 /* Frameworks */,
				496ED76E24C0E196009CAF43 /* Resources */,
			);
			buildRules = (
			);
			dependencies = (
			);
			name = WeSplit;
			productName = WeSplit;
			productReference = 496ED77024C0E196009CAF43 /* WeSplit.app */;
			productType = "com.apple.product-type.application";
		};
		496ED78524C0E19C009CAF43 /* WeSplitTests */ = {
			isa = PBXNativeTarget;
			buildConfigurationList = 496ED79D24C0E19C009CAF43 /* Build configuration list for PBXNativeTarget "WeSplitTests" */;
			buildPhases = (
				496ED78224C0E19C009CAF43 /* Sources */,
				496ED78324C0E19C009CAF43 /* Frameworks */,
				496ED78424C0E19C009CAF43 /* Resources */,
			);
			buildRules = (
			);
			dependencies = (
				496ED78824C0E19C009CAF43 /* PBXTargetDependency */,
			);
			name = WeSplitTests;
			productName = WeSplitTests;
			productReference = 496ED78624C0E19C009CAF43 /* WeSplitTests.xctest */;
			productType = "com.apple.product-type.bundle.unit-test";
		};
		496ED79024C0E19C009CAF43 /* WeSplitUITests */ = {
			isa = PBXNativeTarget;
			buildConfigurationList = 496ED7A024C0E19C009CAF43 /* Build configuration list for PBXNativeTarget "WeSplitUITests" */;
			buildPhases = (
				496ED78D24C0E19C009CAF43 /* Sources */,
				496ED78E24C0E19C009CAF43 /* Frameworks */,
				496ED78F24C0E19C009CAF43 /* Resources */,
			);
			buildRules = (
			);
			dependencies = (
				496ED79324C0E19C009CAF43 /* PBXTargetDependency */,
			);
			name = WeSplitUITests;
			productName = WeSplitUITests;
			productReference = 496ED79124C0E19C009CAF43 /* WeSplitUITests.xctest */;
			productType = "com.apple.product-type.bundle.ui-testing";
		};
/* End PBXNativeTarget section */

/* Begin PBXProject section */
		496ED76824C0E196009CAF43 /* Project object */ = {
			isa = PBXProject;
			attributes = {
				LastSwiftUpdateCheck = 1150;
				LastUpgradeCheck = 1150;
				ORGANIZATIONNAME = J;
				TargetAttributes = {
					496ED76F24C0E196009CAF43 = {
						CreatedOnToolsVersion = 11.5;
					};
					496ED78524C0E19C009CAF43 = {
						CreatedOnToolsVersion = 11.5;
						TestTargetID = 496ED76F24C0E196009CAF43;
					};
					496ED79024C0E19C009CAF43 = {
						CreatedOnToolsVersion = 11.5;
						TestTargetID = 496ED76F24C0E196009CAF43;
					};
				};
			};
			buildConfigurationList = 496ED76B24C0E196009CAF43 /* Build configuration list for PBXProject "WeSplit" */;
			compatibilityVersion = "Xcode 9.3";
			developmentRegion = en;
			hasScannedForEncodings = 0;
			knownRegions = (
				en,
				Base,
			);
			mainGroup = 496ED76724C0E196009CAF43;
			productRefGroup = 496ED77124C0E196009CAF43 /* Products */;
			projectDirPath = "";
			projectRoot = "";
			targets = (
				496ED76F24C0E196009CAF43 /* WeSplit */,
				496ED78524C0E19C009CAF43 /* WeSplitTests */,
				496ED79024C0E19C009CAF43 /* WeSplitUITests */,
			);
		};
/* End PBXProject section */

/* Begin PBXResourcesBuildPhase section */
		496ED76E24C0E196009CAF43 /* Resources */ = {
			isa = PBXResourcesBuildPhase;
			buildActionMask = 2147483647;
			files = (
				496ED78024C0E19C009CAF43 /* LaunchScreen.storyboard in Resources */,
				496ED77D24C0E19C009CAF43 /* Preview Assets.xcassets in Resources */,
				496ED7A424C11A23009CAF43 /* README.md in Resources */,
				496ED77A24C0E19C009CAF43 /* Assets.xcassets in Resources */,
			);
			runOnlyForDeploymentPostprocessing = 0;
		};
		496ED78424C0E19C009CAF43 /* Resources */ = {
			isa = PBXResourcesBuildPhase;
			buildActionMask = 2147483647;
			files = (
			);
			runOnlyForDeploymentPostprocessing = 0;
		};
		496ED78F24C0E19C009CAF43 /* Resources */ = {
			isa = PBXResourcesBuildPhase;
			buildActionMask = 2147483647;
			files = (
			);
			runOnlyForDeploymentPostprocessing = 0;
		};
/* End PBXResourcesBuildPhase section */

/* Begin PBXSourcesBuildPhase section */
		496ED76C24C0E196009CAF43 /* Sources */ = {
			isa = PBXSourcesBuildPhase;
			buildActionMask = 2147483647;
			files = (
				496ED77424C0E196009CAF43 /* AppDelegate.swift in Sources */,
				496ED77624C0E196009CAF43 /* SceneDelegate.swift in Sources */,
				496ED77824C0E196009CAF43 /* ContentView.swift in Sources */,
			);
			runOnlyForDeploymentPostprocessing = 0;
		};
		496ED78224C0E19C009CAF43 /* Sources */ = {
			isa = PBXSourcesBuildPhase;
			buildActionMask = 2147483647;
			files = (
				496ED78B24C0E19C009CAF43 /* WeSplitTests.swift in Sources */,
			);
			runOnlyForDeploymentPostprocessing = 0;
		};
		496ED78D24C0E19C009CAF43 /* Sources */ = {
			isa = PBXSourcesBuildPhase;
			buildActionMask = 2147483647;
			files = (
				496ED79624C0E19C009CAF43 /* WeSplitUITests.swift in Sources */,
			);
			runOnlyForDeploymentPostprocessing = 0;
		};
/* End PBXSourcesBuildPhase section */

/* Begin PBXTargetDependency section */
		496ED78824C0E19C009CAF43 /* PBXTargetDependency */ = {
			isa = PBXTargetDependency;
			target = 496ED76F24C0E196009CAF43 /* WeSplit */;
			targetProxy = 496ED78724C0E19C009CAF43 /* PBXContainerItemProxy */;
		};
		496ED79324C0E19C009CAF43 /* PBXTargetDependency */ = {
			isa = PBXTargetDependency;
			target = 496ED76F24C0E196009CAF43 /* WeSplit */;
			targetProxy = 496ED79224C0E19C009CAF43 /* PBXContainerItemProxy */;
		};
/* End PBXTargetDependency section */

/* Begin PBXVariantGroup section */
		496ED77E24C0E19C009CAF43 /* LaunchScreen.storyboard */ = {
			isa = PBXVariantGroup;
			children = (
				496ED77F24C0E19C009CAF43 /* Base */,
			);
			name = LaunchScreen.storyboard;
			sourceTree = "<group>";
		};
/* End PBXVariantGroup section */

/* Begin XCBuildConfiguration section */
		496ED79824C0E19C009CAF43 /* Debug */ = {
			isa = XCBuildConfiguration;
			buildSettings = {
				ALWAYS_SEARCH_USER_PATHS = NO;
				CLANG_ANALYZER_NONNULL = YES;
				CLANG_ANALYZER_NUMBER_OBJECT_CONVERSION = YES_AGGRESSIVE;
				CLANG_CXX_LANGUAGE_STANDARD = "gnu++14";
				CLANG_CXX_LIBRARY = "libc++";
				CLANG_ENABLE_MODULES = YES;
				CLANG_ENABLE_OBJC_ARC = YES;
				CLANG_ENABLE_OBJC_WEAK = YES;
				CLANG_WARN_BLOCK_CAPTURE_AUTORELEASING = YES;
				CLANG_WARN_BOOL_CONVERSION = YES;
				CLANG_WARN_COMMA = YES;
				CLANG_WARN_CONSTANT_CONVERSION = YES;
				CLANG_WARN_DEPRECATED_OBJC_IMPLEMENTATIONS = YES;
				CLANG_WARN_DIRECT_OBJC_ISA_USAGE = YES_ERROR;
				CLANG_WARN_DOCUMENTATION_COMMENTS = YES;
				CLANG_WARN_EMPTY_BODY = YES;
				CLANG_WARN_ENUM_CONVERSION = YES;
				CLANG_WARN_INFINITE_RECURSION = YES;
				CLANG_WARN_INT_CONVERSION = YES;
				CLANG_WARN_NON_LITERAL_NULL_CONVERSION = YES;
				CLANG_WARN_OBJC_IMPLICIT_RETAIN_SELF = YES;
				CLANG_WARN_OBJC_LITERAL_CONVERSION = YES;
				CLANG_WARN_OBJC_ROOT_CLASS = YES_ERROR;
				CLANG_WARN_RANGE_LOOP_ANALYSIS = YES;
				CLANG_WARN_STRICT_PROTOTYPES = YES;
				CLANG_WARN_SUSPICIOUS_MOVE = YES;
				CLANG_WARN_UNGUARDED_AVAILABILITY = YES_AGGRESSIVE;
				CLANG_WARN_UNREACHABLE_CODE = YES;
				CLANG_WARN__DUPLICATE_METHOD_MATCH = YES;
				COPY_PHASE_STRIP = NO;
				DEBUG_INFORMATION_FORMAT = dwarf;
				ENABLE_STRICT_OBJC_MSGSEND = YES;
				ENABLE_TESTABILITY = YES;
				GCC_C_LANGUAGE_STANDARD = gnu11;
				GCC_DYNAMIC_NO_PIC = NO;
				GCC_NO_COMMON_BLOCKS = YES;
				GCC_OPTIMIZATION_LEVEL = 0;
				GCC_PREPROCESSOR_DEFINITIONS = (
					"DEBUG=1",
					"$(inherited)",
				);
				GCC_WARN_64_TO_32_BIT_CONVERSION = YES;
				GCC_WARN_ABOUT_RETURN_TYPE = YES_ERROR;
				GCC_WARN_UNDECLARED_SELECTOR = YES;
				GCC_WARN_UNINITIALIZED_AUTOS = YES_AGGRESSIVE;
				GCC_WARN_UNUSED_FUNCTION = YES;
				GCC_WARN_UNUSED_VARIABLE = YES;
				IPHONEOS_DEPLOYMENT_TARGET = 13.5;
				MTL_ENABLE_DEBUG_INFO = INCLUDE_SOURCE;
				MTL_FAST_MATH = YES;
				ONLY_ACTIVE_ARCH = YES;
				SDKROOT = iphoneos;
				SWIFT_ACTIVE_COMPILATION_CONDITIONS = DEBUG;
				SWIFT_OPTIMIZATION_LEVEL = "-Onone";
			};
			name = Debug;
		};
		496ED79924C0E19C009CAF43 /* Release */ = {
			isa = XCBuildConfiguration;
			buildSettings = {
				ALWAYS_SEARCH_USER_PATHS = NO;
				CLANG_ANALYZER_NONNULL = YES;
				CLANG_ANALYZER_NUMBER_OBJECT_CONVERSION = YES_AGGRESSIVE;
				CLANG_CXX_LANGUAGE_STANDARD = "gnu++14";
				CLANG_CXX_LIBRARY = "libc++";
				CLANG_ENABLE_MODULES = YES;
				CLANG_ENABLE_OBJC_ARC = YES;
				CLANG_ENABLE_OBJC_WEAK = YES;
				CLANG_WARN_BLOCK_CAPTURE_AUTORELEASING = YES;
				CLANG_WARN_BOOL_CONVERSION = YES;
				CLANG_WARN_COMMA = YES;
				CLANG_WARN_CONSTANT_CONVERSION = YES;
				CLANG_WARN_DEPRECATED_OBJC_IMPLEMENTATIONS = YES;
				CLANG_WARN_DIRECT_OBJC_ISA_USAGE = YES_ERROR;
				CLANG_WARN_DOCUMENTATION_COMMENTS = YES;
				CLANG_WARN_EMPTY_BODY = YES;
				CLANG_WARN_ENUM_CONVERSION = YES;
				CLANG_WARN_INFINITE_RECURSION = YES;
				CLANG_WARN_INT_CONVERSION = YES;
				CLANG_WARN_NON_LITERAL_NULL_CONVERSION = YES;
				CLANG_WARN_OBJC_IMPLICIT_RETAIN_SELF = YES;
				CLANG_WARN_OBJC_LITERAL_CONVERSION = YES;
				CLANG_WARN_OBJC_ROOT_CLASS = YES_ERROR;
				CLANG_WARN_RANGE_LOOP_ANALYSIS = YES;
				CLANG_WARN_STRICT_PROTOTYPES = YES;
				CLANG_WARN_SUSPICIOUS_MOVE = YES;
				CLANG_WARN_UNGUARDED_AVAILABILITY = YES_AGGRESSIVE;
				CLANG_WARN_UNREACHABLE_CODE = YES;
				CLANG_WARN__DUPLICATE_METHOD_MATCH = YES;
				COPY_PHASE_STRIP = NO;
				DEBUG_INFORMATION_FORMAT = "dwarf-with-dsym";
				ENABLE_NS_ASSERTIONS = NO;
				ENABLE_STRICT_OBJC_MSGSEND = YES;
				GCC_C_LANGUAGE_STANDARD = gnu11;
				GCC_NO_COMMON_BLOCKS = YES;
				GCC_WARN_64_TO_32_BIT_CONVERSION = YES;
				GCC_WARN_ABOUT_RETURN_TYPE = YES_ERROR;
				GCC_WARN_UNDECLARED_SELECTOR = YES;
				GCC_WARN_UNINITIALIZED_AUTOS = YES_AGGRESSIVE;
				GCC_WARN_UNUSED_FUNCTION = YES;
				GCC_WARN_UNUSED_VARIABLE = YES;
				IPHONEOS_DEPLOYMENT_TARGET = 13.5;
				MTL_ENABLE_DEBUG_INFO = NO;
				MTL_FAST_MATH = YES;
				SDKROOT = iphoneos;
				SWIFT_COMPILATION_MODE = wholemodule;
				SWIFT_OPTIMIZATION_LEVEL = "-O";
				VALIDATE_PRODUCT = YES;
			};
			name = Release;
		};
		496ED79B24C0E19C009CAF43 /* Debug */ = {
			isa = XCBuildConfiguration;
			buildSettings = {
				ASSETCATALOG_COMPILER_APPICON_NAME = AppIcon;
				CODE_SIGN_STYLE = Automatic;
				DEVELOPMENT_ASSET_PATHS = "\"WeSplit/Preview Content\"";
				DEVELOPMENT_TEAM = 2RH2V33K5A;
				ENABLE_PREVIEWS = YES;
				INFOPLIST_FILE = WeSplit/Info.plist;
				LD_RUNPATH_SEARCH_PATHS = (
					"$(inherited)",
					"@executable_path/Frameworks",
				);
				PRODUCT_BUNDLE_IDENTIFIER = com.noName.WeSplit;
				PRODUCT_NAME = "$(TARGET_NAME)";
				SWIFT_VERSION = 5.0;
				TARGETED_DEVICE_FAMILY = "1,2";
			};
			name = Debug;
		};
		496ED79C24C0E19C009CAF43 /* Release */ = {
			isa = XCBuildConfiguration;
			buildSettings = {
				ASSETCATALOG_COMPILER_APPICON_NAME = AppIcon;
				CODE_SIGN_STYLE = Automatic;
				DEVELOPMENT_ASSET_PATHS = "\"WeSplit/Preview Content\"";
				DEVELOPMENT_TEAM = 2RH2V33K5A;
				ENABLE_PREVIEWS = YES;
				INFOPLIST_FILE = WeSplit/Info.plist;
				LD_RUNPATH_SEARCH_PATHS = (
					"$(inherited)",
					"@executable_path/Frameworks",
				);
				PRODUCT_BUNDLE_IDENTIFIER = com.noName.WeSplit;
				PRODUCT_NAME = "$(TARGET_NAME)";
				SWIFT_VERSION = 5.0;
				TARGETED_DEVICE_FAMILY = "1,2";
			};
			name = Release;
		};
		496ED79E24C0E19C009CAF43 /* Debug */ = {
			isa = XCBuildConfiguration;
			buildSettings = {
				ALWAYS_EMBED_SWIFT_STANDARD_LIBRARIES = YES;
				BUNDLE_LOADER = "$(TEST_HOST)";
				CODE_SIGN_STYLE = Automatic;
				DEVELOPMENT_TEAM = 2RH2V33K5A;
				INFOPLIST_FILE = WeSplitTests/Info.plist;
				IPHONEOS_DEPLOYMENT_TARGET = 13.5;
				LD_RUNPATH_SEARCH_PATHS = (
					"$(inherited)",
					"@executable_path/Frameworks",
					"@loader_path/Frameworks",
				);
				PRODUCT_BUNDLE_IDENTIFIER = com.noName.WeSplitTests;
				PRODUCT_NAME = "$(TARGET_NAME)";
				SWIFT_VERSION = 5.0;
				TARGETED_DEVICE_FAMILY = "1,2";
				TEST_HOST = "$(BUILT_PRODUCTS_DIR)/WeSplit.app/WeSplit";
			};
			name = Debug;
		};
		496ED79F24C0E19C009CAF43 /* Release */ = {
			isa = XCBuildConfiguration;
			buildSettings = {
				ALWAYS_EMBED_SWIFT_STANDARD_LIBRARIES = YES;
				BUNDLE_LOADER = "$(TEST_HOST)";
				CODE_SIGN_STYLE = Automatic;
				DEVELOPMENT_TEAM = 2RH2V33K5A;
				INFOPLIST_FILE = WeSplitTests/Info.plist;
				IPHONEOS_DEPLOYMENT_TARGET = 13.5;
				LD_RUNPATH_SEARCH_PATHS = (
					"$(inherited)",
					"@executable_path/Frameworks",
					"@loader_path/Frameworks",
				);
				PRODUCT_BUNDLE_IDENTIFIER = com.noName.WeSplitTests;
				PRODUCT_NAME = "$(TARGET_NAME)";
				SWIFT_VERSION = 5.0;
				TARGETED_DEVICE_FAMILY = "1,2";
				TEST_HOST = "$(BUILT_PRODUCTS_DIR)/WeSplit.app/WeSplit";
			};
			name = Release;
		};
		496ED7A124C0E19C009CAF43 /* Debug */ = {
			isa = XCBuildConfiguration;
			buildSettings = {
				ALWAYS_EMBED_SWIFT_STANDARD_LIBRARIES = YES;
				CODE_SIGN_STYLE = Automatic;
				DEVELOPMENT_TEAM = 2RH2V33K5A;
				INFOPLIST_FILE = WeSplitUITests/Info.plist;
				LD_RUNPATH_SEARCH_PATHS = (
					"$(inherited)",
					"@executable_path/Frameworks",
					"@loader_path/Frameworks",
				);
				PRODUCT_BUNDLE_IDENTIFIER = com.noName.WeSplitUITests;
				PRODUCT_NAME = "$(TARGET_NAME)";
				SWIFT_VERSION = 5.0;
				TARGETED_DEVICE_FAMILY = "1,2";
				TEST_TARGET_NAME = WeSplit;
			};
			name = Debug;
		};
		496ED7A224C0E19C009CAF43 /* Release */ = {
			isa = XCBuildConfiguration;
			buildSettings = {
				ALWAYS_EMBED_SWIFT_STANDARD_LIBRARIES = YES;
				CODE_SIGN_STYLE = Automatic;
				DEVELOPMENT_TEAM = 2RH2V33K5A;
				INFOPLIST_FILE = WeSplitUITests/Info.plist;
				LD_RUNPATH_SEARCH_PATHS = (
					"$(inherited)",
					"@executable_path/Frameworks",
					"@loader_path/Frameworks",
				);
				PRODUCT_BUNDLE_IDENTIFIER = com.noName.WeSplitUITests;
				PRODUCT_NAME = "$(TARGET_NAME)";
				SWIFT_VERSION = 5.0;
				TARGETED_DEVICE_FAMILY = "1,2";
				TEST_TARGET_NAME = WeSplit;
			};
			name = Release;
		};
/* End XCBuildConfiguration section */

/* Begin XCConfigurationList section */
		496ED76B24C0E196009CAF43 /* Build configuration list for PBXProject "WeSplit" */ = {
			isa = XCConfigurationList;
			buildConfigurations = (
				496ED79824C0E19C009CAF43 /* Debug */,
				496ED79924C0E19C009CAF43 /* Release */,
			);
			defaultConfigurationIsVisible = 0;
			defaultConfigurationName = Release;
		};
		496ED79A24C0E19C009CAF43 /* Build configuration list for PBXNativeTarget "WeSplit" */ = {
			isa = XCConfigurationList;
			buildConfigurations = (
				496ED79B24C0E19C009CAF43 /* Debug */,
				496ED79C24C0E19C009CAF43 /* Release */,
			);
			defaultConfigurationIsVisible = 0;
			defaultConfigurationName = Release;
		};
		496ED79D24C0E19C009CAF43 /* Build configuration list for PBXNativeTarget "WeSplitTests" */ = {
			isa = XCConfigurationList;
			buildConfigurations = (
				496ED79E24C0E19C009CAF43 /* Debug */,
				496ED79F24C0E19C009CAF43 /* Release */,
			);
			defaultConfigurationIsVisible = 0;
			defaultConfigurationName = Release;
		};
		496ED7A024C0E19C009CAF43 /* Build configuration list for PBXNativeTarget "WeSplitUITests" */ = {
			isa = XCConfigurationList;
			buildConfigurations = (
				496ED7A124C0E19C009CAF43 /* Debug */,
				496ED7A224C0E19C009CAF43 /* Release */,
			);
			defaultConfigurationIsVisible = 0;
			defaultConfigurationName = Release;
		};
/* End XCConfigurationList section */
	};
	rootObject = 496ED76824C0E196009CAF43 /* Project object */;
}
